
Microsoft Visual Studio Solution File, Format Version 12.00
# Visual Studio Version 17
VisualStudioVersion = 17.14.37203.1
MinimumVisualStudioVersion = 10.0.40219.1
Project("{FAE04EC0-301F-11D3-BF4B-00C04F79EFBC}") = "Kureimo.API", "Kureimo.API\Kureimo.API.csproj", "{C1CB1918-AF19-4511-9BD5-BCF90C2C045D}"
EndProject
Project("{FAE04EC0-301F-11D3-BF4B-00C04F79EFBC}") = "Kureimo.Domain", "Kureimo.Domain\Kureimo.Domain.csproj", "{FB152B52-91FB-4767-8547-DF83CBF4A973}"
EndProject
Project("{FAE04EC0-301F-11D3-BF4B-00C04F79EFBC}") = "Kureimo.Application", "Kureimo.Application\Kureimo.Application.csproj", "{6D5D1608-5073-43E7-AFBB-C912CF602B7A}"
EndProject
Project("{FAE04EC0-301F-11D3-BF4B-00C04F79EFBC}") = "Kureimo.Infra", "Kureimo.Infra\Kureimo.Infra.csproj", "{45FD971E-06C5-4880-B747-1252B567D00E}"
EndProject
Project("{FAE04EC0-301F-11D3-BF4B-00C04F79EFBC}") = "Kureimo.Worker", "Kureimo.Worker\Kureimo.Worker.csproj", "{AC1C0BCF-7D5E-4AD2-A964-DC26B19B7D93}"
EndProject
Global
	GlobalSection(SolutionConfigurationPlatforms) = preSolution
		Debug|Any CPU = Debug|Any CPU
		Release|Any CPU = Release|Any CPU
	EndGlobalSection
	GlobalSection(ProjectConfigurationPlatforms) = postSolution
		{C1CB1918-AF19-4511-9BD5-BCF90C2C045D}.Debug|Any CPU.ActiveCfg = Debug|Any CPU
		{C1CB1918-AF19-4511-9BD5-BCF90C2C045D}.Debug|Any CPU.Build.0 = Debug|Any CPU
		{C1CB1918-AF19-4511-9BD5-BCF90C2C045D}.Release|Any CPU.ActiveCfg = Release|Any CPU
		{C1CB1918-AF19-4511-9BD5-BCF90C2C045D}.Release|Any CPU.Build.0 = Release|Any CPU
		{FB152B52-91FB-4767-8547-DF83CBF4A973}.Debug|Any CPU.ActiveCfg = Debug|Any CPU
		{FB152B52-91FB-4767-8547-DF83CBF4A973}.Debug|Any CPU.Build.0 = Debug|Any CPU
		{FB152B52-91FB-4767-8547-DF83CBF4A973}.Release|Any CPU.ActiveCfg = Release|Any CPU
		{FB152B52-91FB-4767-8547-DF83CBF4A973}.Release|Any CPU.Build.0 = Release|Any CPU
		{6D5D1608-5073-43E7-AFBB-C912CF602B7A}.Debug|Any CPU.ActiveCfg = Debug|Any CPU
		{6D5D1608-5073-43E7-AFBB-C912CF602B7A}.Debug|Any CPU.Build.0 = Debug|Any CPU
		{6D5D1608-5073-43E7-AFBB-C912CF602B7A}.Release|Any CPU.ActiveCfg = Release|Any CPU
		{6D5D1608-5073-43E7-AFBB-C912CF602B7A}.Release|Any CPU.Build.0 = Release|Any CPU
		{45FD971E-06C5-4880-B747-1252B567D00E}.Debug|Any CPU.ActiveCfg = Debug|Any CPU
		{45FD971E-06C5-4880-B747-1252B567D00E}.Debug|Any CPU.Build.0 = Debug|Any CPU
		{45FD971E-06C5-4880-B747-1252B567D00E}.Release|Any CPU.ActiveCfg = Release|Any CPU
		{45FD971E-06C5-4880-B747-1252B567D00E}.Release|Any CPU.Build.0 = Release|Any CPU
		{AC1C0BCF-7D5E-4AD2-A964-DC26B19B7D93}.Debug|Any CPU.ActiveCfg = Debug|Any CPU
		{AC1C0BCF-7D5E-4AD2-A964-DC26B19B7D93}.Debug|Any CPU.Build.0 = Debug|Any CPU
		{AC1C0BCF-7D5E-4AD2-A964-DC26B19B7D93}.Release|Any CPU.ActiveCfg = Release|Any CPU
		{AC1C0BCF-7D5E-4AD2-A964-DC26B19B7D93}.Release|Any CPU.Build.0 = Release|Any CPU
	EndGlobalSection
	GlobalSection(SolutionProperties) = preSolution
		HideSolutionNode = FALSE
	EndGlobalSection
	GlobalSection(ExtensibilityGlobals) = postSolution
		SolutionGuid = {250652D0-3F0B-430E-A790-8C87E0AE0974}
	EndGlobalSection
EndGlobal
